// !$*UTF8*$!
{
	archiveVersion = 1;
	classes = {
	};
	objectVersion = 50;
	objects = {

/* Begin PBXBuildFile section */
		1520EAC224AD1D49001904A5 /* PicturesList.swift in Sources */ = {isa = PBXBuildFile; fileRef = 1520EAC124AD1D49001904A5 /* PicturesList.swift */; };
		1520EAC324AD1D49001904A5 /* PicturesList.swift in Sources */ = {isa = PBXBuildFile; fileRef = 1520EAC124AD1D49001904A5 /* PicturesList.swift */; };
		1520EAC624AD1F9E001904A5 /* PictureDetail.swift in Sources */ = {isa = PBXBuildFile; fileRef = 1520EAC524AD1F9E001904A5 /* PictureDetail.swift */; };
		1520EAC724AD1F9E001904A5 /* PictureDetail.swift in Sources */ = {isa = PBXBuildFile; fileRef = 1520EAC524AD1F9E001904A5 /* PictureDetail.swift */; };
		155BCBCF24AD083C0064AAD9 /* UniversalSwiftUISidebarApp.swift in Sources */ = {isa = PBXBuildFile; fileRef = 155BCBBC24AD083B0064AAD9 /* UniversalSwiftUISidebarApp.swift */; };
		155BCBD024AD083C0064AAD9 /* UniversalSwiftUISidebarApp.swift in Sources */ = {isa = PBXBuildFile; fileRef = 155BCBBC24AD083B0064AAD9 /* UniversalSwiftUISidebarApp.swift */; };
		155BCBD124AD083C0064AAD9 /* HomeView.swift in Sources */ = {isa = PBXBuildFile; fileRef = 155BCBBD24AD083B0064AAD9 /* HomeView.swift */; };
		155BCBD224AD083C0064AAD9 /* HomeView.swift in Sources */ = {isa = PBXBuildFile; fileRef = 155BCBBD24AD083B0064AAD9 /* HomeView.swift */; };
		155BCBD324AD083C0064AAD9 /* Assets.xcassets in Resources */ = {isa = PBXBuildFile; fileRef = 155BCBBE24AD083C0064AAD9 /* Assets.xcassets */; };
		155BCBD424AD083C0064AAD9 /* Assets.xcassets in Resources */ = {isa = PBXBuildFile; fileRef = 155BCBBE24AD083C0064AAD9 /* Assets.xcassets */; };
		155BCBDE24AD16FE0064AAD9 /* SettingsView.swift in Sources */ = {isa = PBXBuildFile; fileRef = 155BCBDD24AD16FE0064AAD9 /* SettingsView.swift */; };
		155BCBDF24AD16FE0064AAD9 /* SettingsView.swift in Sources */ = {isa = PBXBuildFile; fileRef = 155BCBDD24AD16FE0064AAD9 /* SettingsView.swift */; };
		155BCBE124AD1A340064AAD9 /* SideBar.swift in Sources */ = {isa = PBXBuildFile; fileRef = 155BCBE024AD1A340064AAD9 /* SideBar.swift */; };
		155BCBE224AD1A340064AAD9 /* SideBar.swift in Sources */ = {isa = PBXBuildFile; fileRef = 155BCBE024AD1A340064AAD9 /* SideBar.swift */; };
		155BCBE424AD1A680064AAD9 /* SettingsOverlay.swift in Sources */ = {isa = PBXBuildFile; fileRef = 155BCBE324AD1A680064AAD9 /* SettingsOverlay.swift */; };
		155BCBE524AD1A680064AAD9 /* SettingsOverlay.swift in Sources */ = {isa = PBXBuildFile; fileRef = 155BCBE324AD1A680064AAD9 /* SettingsOverlay.swift */; };
		155BCBE724AD1A7D0064AAD9 /* DetailView.swift in Sources */ = {isa = PBXBuildFile; fileRef = 155BCBE624AD1A7D0064AAD9 /* DetailView.swift */; };
		155BCBE824AD1A7D0064AAD9 /* DetailView.swift in Sources */ = {isa = PBXBuildFile; fileRef = 155BCBE624AD1A7D0064AAD9 /* DetailView.swift */; };
		155BCBEA24AD1A8F0064AAD9 /* CustomModifier.swift in Sources */ = {isa = PBXBuildFile; fileRef = 155BCBE924AD1A8F0064AAD9 /* CustomModifier.swift */; };
		155BCBEB24AD1A8F0064AAD9 /* CustomModifier.swift in Sources */ = {isa = PBXBuildFile; fileRef = 155BCBE924AD1A8F0064AAD9 /* CustomModifier.swift */; };
		15C421C924ADD7FB00C35DD3 /* SwipeDirectionAPI.swift in Sources */ = {isa = PBXBuildFile; fileRef = 15C421C824ADD7FB00C35DD3 /* SwipeDirectionAPI.swift */; };
		15C421CA24ADD7FB00C35DD3 /* SwipeDirectionAPI.swift in Sources */ = {isa = PBXBuildFile; fileRef = 15C421C824ADD7FB00C35DD3 /* SwipeDirectionAPI.swift */; };
		15C421CC24ADD8B500C35DD3 /* ContentView.swift in Sources */ = {isa = PBXBuildFile; fileRef = 15C421CB24ADD8B500C35DD3 /* ContentView.swift */; };
		15C421CD24ADD8B500C35DD3 /* ContentView.swift in Sources */ = {isa = PBXBuildFile; fileRef = 15C421CB24ADD8B500C35DD3 /* ContentView.swift */; };
		15C421CF24ADD95800C35DD3 /* SideMenuView.swift in Sources */ = {isa = PBXBuildFile; fileRef = 15C421CE24ADD95800C35DD3 /* SideMenuView.swift */; };
		15C421D024ADD95800C35DD3 /* SideMenuView.swift in Sources */ = {isa = PBXBuildFile; fileRef = 15C421CE24ADD95800C35DD3 /* SideMenuView.swift */; };
/* End PBXBuildFile section */

/* Begin PBXFileReference section */
		1520EAC124AD1D49001904A5 /* PicturesList.swift */ = {isa = PBXFileReference; lastKnownFileType = sourcecode.swift; path = PicturesList.swift; sourceTree = "<group>"; };
		1520EAC524AD1F9E001904A5 /* PictureDetail.swift */ = {isa = PBXFileReference; lastKnownFileType = sourcecode.swift; path = PictureDetail.swift; sourceTree = "<group>"; };
		155BCBBC24AD083B0064AAD9 /* UniversalSwiftUISidebarApp.swift */ = {isa = PBXFileReference; lastKnownFileType = sourcecode.swift; path = UniversalSwiftUISidebarApp.swift; sourceTree = "<group>"; };
		155BCBBD24AD083B0064AAD9 /* HomeView.swift */ = {isa = PBXFileReference; lastKnownFileType = sourcecode.swift; path = HomeView.swift; sourceTree = "<group>"; };
		155BCBBE24AD083C0064AAD9 /* Assets.xcassets */ = {isa = PBXFileReference; lastKnownFileType = folder.assetcatalog; path = Assets.xcassets; sourceTree = "<group>"; };
		155BCBC324AD083C0064AAD9 /* UniversalSwiftUISidebar.app */ = {isa = PBXFileReference; explicitFileType = wrapper.application; includeInIndex = 0; path = UniversalSwiftUISidebar.app; sourceTree = BUILT_PRODUCTS_DIR; };
		155BCBC624AD083C0064AAD9 /* Info.plist */ = {isa = PBXFileReference; lastKnownFileType = text.plist.xml; path = Info.plist; sourceTree = "<group>"; };
		155BCBCB24AD083C0064AAD9 /* UniversalSwiftUISidebar.app */ = {isa = PBXFileReference; explicitFileType = wrapper.application; includeInIndex = 0; path = UniversalSwiftUISidebar.app; sourceTree = BUILT_PRODUCTS_DIR; };
		155BCBCD24AD083C0064AAD9 /* Info.plist */ = {isa = PBXFileReference; lastKnownFileType = text.plist.xml; path = Info.plist; sourceTree = "<group>"; };
		155BCBCE24AD083C0064AAD9 /* macOS.entitlements */ = {isa = PBXFileReference; lastKnownFileType = text.plist.entitlements; path = macOS.entitlements; sourceTree = "<group>"; };
		155BCBDD24AD16FE0064AAD9 /* SettingsView.swift */ = {isa = PBXFileReference; lastKnownFileType = sourcecode.swift; path = SettingsView.swift; sourceTree = "<group>"; };
		155BCBE024AD1A340064AAD9 /* SideBar.swift */ = {isa = PBXFileReference; lastKnownFileType = sourcecode.swift; path = SideBar.swift; sourceTree = "<group>"; };
		155BCBE324AD1A680064AAD9 /* SettingsOverlay.swift */ = {isa = PBXFileReference; lastKnownFileType = sourcecode.swift; path = SettingsOverlay.swift; sourceTree = "<group>"; };
		155BCBE624AD1A7D0064AAD9 /* DetailView.swift */ = {isa = PBXFileReference; lastKnownFileType = sourcecode.swift; path = DetailView.swift; sourceTree = "<group>"; };
		155BCBE924AD1A8F0064AAD9 /* CustomModifier.swift */ = {isa = PBXFileReference; lastKnownFileType = sourcecode.swift; path = CustomModifier.swift; sourceTree = "<group>"; };
		15C421C824ADD7FB00C35DD3 /* SwipeDirectionAPI.swift */ = {isa = PBXFileReference; fileEncoding = 4; lastKnownFileType = sourcecode.swift; path = SwipeDirectionAPI.swift; sourceTree = "<group>"; };
		15C421CB24ADD8B500C35DD3 /* ContentView.swift */ = {isa = PBXFileReference; lastKnownFileType = sourcecode.swift; path = ContentView.swift; sourceTree = "<group>"; };
		15C421CE24ADD95800C35DD3 /* SideMenuView.swift */ = {isa = PBXFileReference; lastKnownFileType = sourcecode.swift; path = SideMenuView.swift; sourceTree = "<group>"; };
/* End PBXFileReference section */

/* Begin PBXFrameworksBuildPhase section */
		155BCBC024AD083C0064AAD9 /* Frameworks */ = {
			isa = PBXFrameworksBuildPhase;
			buildActionMask = 2147483647;
			files = (
			);
			runOnlyForDeploymentPostprocessing = 0;
		};
		155BCBC824AD083C0064AAD9 /* Frameworks */ = {
			isa = PBXFrameworksBuildPhase;
			buildActionMask = 2147483647;
			files = (
			);
			runOnlyForDeploymentPostprocessing = 0;
		};
/* End PBXFrameworksBuildPhase section */

/* Begin PBXGroup section */
		1551AF2024AE060E004E642A /* Picture */ = {
			isa = PBXGroup;
			children = (
				1520EAC524AD1F9E001904A5 /* PictureDetail.swift */,
				1520EAC124AD1D49001904A5 /* PicturesList.swift */,
			);
			path = Picture;
			sourceTree = "<group>";
		};
		1551AF2124AE061D004E642A /* Sidebar */ = {
			isa = PBXGroup;
			children = (
				155BCBE324AD1A680064AAD9 /* SettingsOverlay.swift */,
				155BCBE024AD1A340064AAD9 /* SideBar.swift */,
				15C421CE24ADD95800C35DD3 /* SideMenuView.swift */,
			);
			path = Sidebar;
			sourceTree = "<group>";
		};
		1551AF2224AE062A004E642A /* Support Files */ = {
			isa = PBXGroup;
			children = (
				155BCBE924AD1A8F0064AAD9 /* CustomModifier.swift */,
				15C421C824ADD7FB00C35DD3 /* SwipeDirectionAPI.swift */,
			);
			path = "Support Files";
			sourceTree = "<group>";
		};
		1551AF2324AE066E004E642A /* Views */ = {
			isa = PBXGroup;
			children = (
				15C421CB24ADD8B500C35DD3 /* ContentView.swift */,
				155BCBE624AD1A7D0064AAD9 /* DetailView.swift */,
				155BCBBD24AD083B0064AAD9 /* HomeView.swift */,
				155BCBDD24AD16FE0064AAD9 /* SettingsView.swift */,
			);
			path = Views;
			sourceTree = "<group>";
		};
		155BCBB624AD083B0064AAD9 = {
			isa = PBXGroup;
			children = (
				155BCBBB24AD083B0064AAD9 /* Shared */,
				155BCBC524AD083C0064AAD9 /* iOS */,
				155BCBCC24AD083C0064AAD9 /* macOS */,
				155BCBC424AD083C0064AAD9 /* Products */,
			);
			sourceTree = "<group>";
		};
		155BCBBB24AD083B0064AAD9 /* Shared */ = {
			isa = PBXGroup;
			children = (
				155BCBBC24AD083B0064AAD9 /* UniversalSwiftUISidebarApp.swift */,
				1551AF2324AE066E004E642A /* Views */,
				1551AF2124AE061D004E642A /* Sidebar */,
				1551AF2024AE060E004E642A /* Picture */,
				1551AF2224AE062A004E642A /* Support Files */,
				155BCBBE24AD083C0064AAD9 /* Assets.xcassets */,
			);
			path = Shared;
			sourceTree = "<group>";
		};
		155BCBC424AD083C0064AAD9 /* Products */ = {
			isa = PBXGroup;
			children = (
				155BCBC324AD083C0064AAD9 /* UniversalSwiftUISidebar.app */,
				155BCBCB24AD083C0064AAD9 /* UniversalSwiftUISidebar.app */,
			);
			name = Products;
			sourceTree = "<group>";
		};
		155BCBC524AD083C0064AAD9 /* iOS */ = {
			isa = PBXGroup;
			children = (
				155BCBC624AD083C0064AAD9 /* Info.plist */,
			);
			path = iOS;
			sourceTree = "<group>";
		};
		155BCBCC24AD083C0064AAD9 /* macOS */ = {
			isa = PBXGroup;
			children = (
				155BCBCD24AD083C0064AAD9 /* Info.plist */,
				155BCBCE24AD083C0064AAD9 /* macOS.entitlements */,
			);
			path = macOS;
			sourceTree = "<group>";
		};
/* End PBXGroup section */

/* Begin PBXNativeTarget section */
		155BCBC224AD083C0064AAD9 /* iOS */ = {
			isa = PBXNativeTarget;
			buildConfigurationList = 155BCBD724AD083C0064AAD9 /* Build configuration list for PBXNativeTarget "iOS" */;
			buildPhases = (
				155BCBBF24AD083C0064AAD9 /* Sources */,
				155BCBC024AD083C0064AAD9 /* Frameworks */,
				155BCBC124AD083C0064AAD9 /* Resources */,
			);
			buildRules = (
			);
			dependencies = (
			);
			name = iOS;
			productName = iOS;
			productReference = 155BCBC324AD083C0064AAD9 /* UniversalSwiftUISidebar.app */;
			productType = "com.apple.product-type.application";
		};
		155BCBCA24AD083C0064AAD9 /* macOS */ = {
			isa = PBXNativeTarget;
			buildConfigurationList = 155BCBDA24AD083C0064AAD9 /* Build configuration list for PBXNativeTarget "macOS" */;
			buildPhases = (
				155BCBC724AD083C0064AAD9 /* Sources */,
				155BCBC824AD083C0064AAD9 /* Frameworks */,
				155BCBC924AD083C0064AAD9 /* Resources */,
			);
			buildRules = (
			);
			dependencies = (
			);
			name = macOS;
			productName = macOS;
			productReference = 155BCBCB24AD083C0064AAD9 /* UniversalSwiftUISidebar.app */;
			productType = "com.apple.product-type.application";
		};
/* End PBXNativeTarget section */

/* Begin PBXProject section */
		155BCBB724AD083B0064AAD9 /* Project object */ = {
			isa = PBXProject;
			attributes = {
				LastSwiftUpdateCheck = 1200;
				LastUpgradeCheck = 1200;
				TargetAttributes = {
					155BCBC224AD083C0064AAD9 = {
						CreatedOnToolsVersion = 12.0;
					};
					155BCBCA24AD083C0064AAD9 = {
						CreatedOnToolsVersion = 12.0;
					};
				};
			};
			buildConfigurationList = 155BCBBA24AD083B0064AAD9 /* Build configuration list for PBXProject "UniversalSwiftUISidebar" */;
			compatibilityVersion = "Xcode 9.3";
			developmentRegion = en;
			hasScannedForEncodings = 0;
			knownRegions = (
				en,
				Base,
			);
			mainGroup = 155BCBB624AD083B0064AAD9;
			productRefGroup = 155BCBC424AD083C0064AAD9 /* Products */;
			projectDirPath = "";
			projectRoot = "";
			targets = (
				155BCBC224AD083C0064AAD9 /* iOS */,
				155BCBCA24AD083C0064AAD9 /* macOS */,
			);
		};
/* End PBXProject section */

/* Begin PBXResourcesBuildPhase section */
		155BCBC124AD083C0064AAD9 /* Resources */ = {
			isa = PBXResourcesBuildPhase;
			buildActionMask = 2147483647;
			files = (
				155BCBD324AD083C0064AAD9 /* Assets.xcassets in Resources */,
			);
			runOnlyForDeploymentPostprocessing = 0;
		};
		155BCBC924AD083C0064AAD9 /* Resources */ = {
			isa = PBXResourcesBuildPhase;
			buildActionMask = 2147483647;
			files = (
				155BCBD424AD083C0064AAD9 /* Assets.xcassets in Resources */,
			);
			runOnlyForDeploymentPostprocessing = 0;
		};
/* End PBXResourcesBuildPhase section */

/* Begin PBXSourcesBuildPhase section */
		155BCBBF24AD083C0064AAD9 /* Sources */ = {
			isa = PBXSourcesBuildPhase;
			buildActionMask = 2147483647;
			files = (
				1520EAC224AD1D49001904A5 /* PicturesList.swift in Sources */,
				15C421CC24ADD8B500C35DD3 /* ContentView.swift in Sources */,
				15C421C924ADD7FB00C35DD3 /* SwipeDirectionAPI.swift in Sources */,
				155BCBE424AD1A680064AAD9 /* SettingsOverlay.swift in Sources */,
				155BCBEA24AD1A8F0064AAD9 /* CustomModifier.swift in Sources */,
				155BCBE724AD1A7D0064AAD9 /* DetailView.swift in Sources */,
				15C421CF24ADD95800C35DD3 /* SideMenuView.swift in Sources */,
				155BCBDE24AD16FE0064AAD9 /* SettingsView.swift in Sources */,
				1520EAC624AD1F9E001904A5 /* PictureDetail.swift in Sources */,
				155BCBD124AD083C0064AAD9 /* HomeView.swift in Sources */,
				155BCBE124AD1A340064AAD9 /* SideBar.swift in Sources */,
				155BCBCF24AD083C0064AAD9 /* UniversalSwiftUISidebarApp.swift in Sources */,
			);
			runOnlyForDeploymentPostprocessing = 0;
		};
		155BCBC724AD083C0064AAD9 /* Sources */ = {
			isa = PBXSourcesBuildPhase;
			buildActionMask = 2147483647;
			files = (
				1520EAC324AD1D49001904A5 /* PicturesList.swift in Sources */,
				15C421CD24ADD8B500C35DD3 /* ContentView.swift in Sources */,
				15C421CA24ADD7FB00C35DD3 /* SwipeDirectionAPI.swift in Sources */,
				155BCBE524AD1A680064AAD9 /* SettingsOverlay.swift in Sources */,
				155BCBEB24AD1A8F0064AAD9 /* CustomModifier.swift in Sources */,
				155BCBE824AD1A7D0064AAD9 /* DetailView.swift in Sources */,
				15C421D024ADD95800C35DD3 /* SideMenuView.swift in Sources */,
				155BCBDF24AD16FE0064AAD9 /* SettingsView.swift in Sources */,
				1520EAC724AD1F9E001904A5 /* PictureDetail.swift in Sources */,
				155BCBD224AD083C0064AAD9 /* HomeView.swift in Sources */,
				155BCBE224AD1A340064AAD9 /* SideBar.swift in Sources */,
				155BCBD024AD083C0064AAD9 /* UniversalSwiftUISidebarApp.swift in Sources */,
			);
			runOnlyForDeploymentPostprocessing = 0;
		};
/* End PBXSourcesBuildPhase section */

/* Begin XCBuildConfiguration section */
		155BCBD524AD083C0064AAD9 /* Debug */ = {
			isa = XCBuildConfiguration;
			buildSettings = {
				ALWAYS_SEARCH_USER_PATHS = NO;
				CLANG_ANALYZER_NONNULL = YES;
				CLANG_ANALYZER_NUMBER_OBJECT_CONVERSION = YES_AGGRESSIVE;
				CLANG_CXX_LANGUAGE_STANDARD = "gnu++14";
				CLANG_CXX_LIBRARY = "libc++";
				CLANG_ENABLE_MODULES = YES;
				CLANG_ENABLE_OBJC_ARC = YES;
				CLANG_ENABLE_OBJC_WEAK = YES;
				CLANG_WARN_BLOCK_CAPTURE_AUTORELEASING = YES;
				CLANG_WARN_BOOL_CONVERSION = YES;
				CLANG_WARN_COMMA = YES;
				CLANG_WARN_CONSTANT_CONVERSION = YES;
				CLANG_WARN_DEPRECATED_OBJC_IMPLEMENTATIONS = YES;
				CLANG_WARN_DIRECT_OBJC_ISA_USAGE = YES_ERROR;
				CLANG_WARN_DOCUMENTATION_COMMENTS = YES;
				CLANG_WARN_EMPTY_BODY = YES;
				CLANG_WARN_ENUM_CONVERSION = YES;
				CLANG_WARN_INFINITE_RECURSION = YES;
				CLANG_WARN_INT_CONVERSION = YES;
				CLANG_WARN_NON_LITERAL_NULL_CONVERSION = YES;
				CLANG_WARN_OBJC_IMPLICIT_RETAIN_SELF = YES;
				CLANG_WARN_OBJC_LITERAL_CONVERSION = YES;
				CLANG_WARN_OBJC_ROOT_CLASS = YES_ERROR;
				CLANG_WARN_QUOTED_INCLUDE_IN_FRAMEWORK_HEADER = YES;
				CLANG_WARN_RANGE_LOOP_ANALYSIS = YES;
				CLANG_WARN_STRICT_PROTOTYPES = YES;
				CLANG_WARN_SUSPICIOUS_MOVE = YES;
				CLANG_WARN_UNGUARDED_AVAILABILITY = YES_AGGRESSIVE;
				CLANG_WARN_UNREACHABLE_CODE = YES;
				CLANG_WARN__DUPLICATE_METHOD_MATCH = YES;
				COPY_PHASE_STRIP = NO;
				DEBUG_INFORMATION_FORMAT = dwarf;
				ENABLE_STRICT_OBJC_MSGSEND = YES;
				ENABLE_TESTABILITY = YES;
				GCC_C_LANGUAGE_STANDARD = gnu11;
				GCC_DYNAMIC_NO_PIC = NO;
				GCC_NO_COMMON_BLOCKS = YES;
				GCC_OPTIMIZATION_LEVEL = 0;
				GCC_PREPROCESSOR_DEFINITIONS = (
					"DEBUG=1",
					"$(inherited)",
				);
				GCC_WARN_64_TO_32_BIT_CONVERSION = YES;
				GCC_WARN_ABOUT_RETURN_TYPE = YES_ERROR;
				GCC_WARN_UNDECLARED_SELECTOR = YES;
				GCC_WARN_UNINITIALIZED_AUTOS = YES_AGGRESSIVE;
				GCC_WARN_UNUSED_FUNCTION = YES;
				GCC_WARN_UNUSED_VARIABLE = YES;
				MTL_ENABLE_DEBUG_INFO = INCLUDE_SOURCE;
				MTL_FAST_MATH = YES;
				ONLY_ACTIVE_ARCH = YES;
				SWIFT_ACTIVE_COMPILATION_CONDITIONS = DEBUG;
				SWIFT_OPTIMIZATION_LEVEL = "-Onone";
			};
			name = Debug;
		};
		155BCBD624AD083C0064AAD9 /* Release */ = {
			isa = XCBuildConfiguration;
			buildSettings = {
				ALWAYS_SEARCH_USER_PATHS = NO;
				CLANG_ANALYZER_NONNULL = YES;
				CLANG_ANALYZER_NUMBER_OBJECT_CONVERSION = YES_AGGRESSIVE;
				CLANG_CXX_LANGUAGE_STANDARD = "gnu++14";
				CLANG_CXX_LIBRARY = "libc++";
				CLANG_ENABLE_MODULES = YES;
				CLANG_ENABLE_OBJC_ARC = YES;
				CLANG_ENABLE_OBJC_WEAK = YES;
				CLANG_WARN_BLOCK_CAPTURE_AUTORELEASING = YES;
				CLANG_WARN_BOOL_CONVERSION = YES;
				CLANG_WARN_COMMA = YES;
				CLANG_WARN_CONSTANT_CONVERSION = YES;
				CLANG_WARN_DEPRECATED_OBJC_IMPLEMENTATIONS = YES;
				CLANG_WARN_DIRECT_OBJC_ISA_USAGE = YES_ERROR;
				CLANG_WARN_DOCUMENTATION_COMMENTS = YES;
				CLANG_WARN_EMPTY_BODY = YES;
				CLANG_WARN_ENUM_CONVERSION = YES;
				CLANG_WARN_INFINITE_RECURSION = YES;
				CLANG_WARN_INT_CONVERSION = YES;
				CLANG_WARN_NON_LITERAL_NULL_CONVERSION = YES;
				CLANG_WARN_OBJC_IMPLICIT_RETAIN_SELF = YES;
				CLANG_WARN_OBJC_LITERAL_CONVERSION = YES;
				CLANG_WARN_OBJC_ROOT_CLASS = YES_ERROR;
				CLANG_WARN_QUOTED_INCLUDE_IN_FRAMEWORK_HEADER = YES;
				CLANG_WARN_RANGE_LOOP_ANALYSIS = YES;
				CLANG_WARN_STRICT_PROTOTYPES = YES;
				CLANG_WARN_SUSPICIOUS_MOVE = YES;
				CLANG_WARN_UNGUARDED_AVAILABILITY = YES_AGGRESSIVE;
				CLANG_WARN_UNREACHABLE_CODE = YES;
				CLANG_WARN__DUPLICATE_METHOD_MATCH = YES;
				COPY_PHASE_STRIP = NO;
				DEBUG_INFORMATION_FORMAT = "dwarf-with-dsym";
				ENABLE_NS_ASSERTIONS = NO;
				ENABLE_STRICT_OBJC_MSGSEND = YES;
				GCC_C_LANGUAGE_STANDARD = gnu11;
				GCC_NO_COMMON_BLOCKS = YES;
				GCC_WARN_64_TO_32_BIT_CONVERSION = YES;
				GCC_WARN_ABOUT_RETURN_TYPE = YES_ERROR;
				GCC_WARN_UNDECLARED_SELECTOR = YES;
				GCC_WARN_UNINITIALIZED_AUTOS = YES_AGGRESSIVE;
				GCC_WARN_UNUSED_FUNCTION = YES;
				GCC_WARN_UNUSED_VARIABLE = YES;
				MTL_ENABLE_DEBUG_INFO = NO;
				MTL_FAST_MATH = YES;
				SWIFT_COMPILATION_MODE = wholemodule;
				SWIFT_OPTIMIZATION_LEVEL = "-O";
			};
			name = Release;
		};
		155BCBD824AD083C0064AAD9 /* Debug */ = {
			isa = XCBuildConfiguration;
			buildSettings = {
				ASSETCATALOG_COMPILER_APPICON_NAME = AppIcon;
				ASSETCATALOG_COMPILER_GLOBAL_ACCENT_COLOR_NAME = AccentColor;
				CODE_SIGN_STYLE = Automatic;
				DEVELOPMENT_TEAM = NLF7894S7W;
				ENABLE_PREVIEWS = YES;
				INFOPLIST_FILE = iOS/Info.plist;
				IPHONEOS_DEPLOYMENT_TARGET = 14.0;
				LD_RUNPATH_SEARCH_PATHS = (
					"$(inherited)",
					"@executable_path/Frameworks",
				);
				PRODUCT_BUNDLE_IDENTIFIER = "VolkerSchmitt88-at-icloud.com.fsasafsasa";
				PRODUCT_NAME = UniversalSwiftUISidebar;
				SDKROOT = iphoneos;
				SWIFT_VERSION = 5.0;
				TARGETED_DEVICE_FAMILY = "1,2";
			};
			name = Debug;
		};
		155BCBD924AD083C0064AAD9 /* Release */ = {
			isa = XCBuildConfiguration;
			buildSettings = {
				ASSETCATALOG_COMPILER_APPICON_NAME = AppIcon;
				ASSETCATALOG_COMPILER_GLOBAL_ACCENT_COLOR_NAME = AccentColor;
				CODE_SIGN_STYLE = Automatic;
				DEVELOPMENT_TEAM = NLF7894S7W;
				ENABLE_PREVIEWS = YES;
				INFOPLIST_FILE = iOS/Info.plist;
				IPHONEOS_DEPLOYMENT_TARGET = 14.0;
				LD_RUNPATH_SEARCH_PATHS = (
					"$(inherited)",
					"@executable_path/Frameworks",
				);
				PRODUCT_BUNDLE_IDENTIFIER = "VolkerSchmitt88-at-icloud.com.fsasafsasa";
				PRODUCT_NAME = UniversalSwiftUISidebar;
				SDKROOT = iphoneos;
				SWIFT_VERSION = 5.0;
				TARGETED_DEVICE_FAMILY = "1,2";
				VALIDATE_PRODUCT = YES;
			};
			name = Release;
		};
		155BCBDB24AD083C0064AAD9 /* Debug */ = {
			isa = XCBuildConfiguration;
			buildSettings = {
				ASSETCATALOG_COMPILER_APPICON_NAME = AppIcon;
				ASSETCATALOG_COMPILER_GLOBAL_ACCENT_COLOR_NAME = AccentColor;
				CODE_SIGN_ENTITLEMENTS = macOS/macOS.entitlements;
				CODE_SIGN_STYLE = Automatic;
				COMBINE_HIDPI_IMAGES = YES;
				DEVELOPMENT_TEAM = NLF7894S7W;
				ENABLE_HARDENED_RUNTIME = YES;
				ENABLE_PREVIEWS = YES;
				INFOPLIST_FILE = macOS/Info.plist;
				LD_RUNPATH_SEARCH_PATHS = (
					"$(inherited)",
					"@executable_path/../Frameworks",
				);
				MACOSX_DEPLOYMENT_TARGET = 10.16;
				PRODUCT_BUNDLE_IDENTIFIER = "VolkerSchmitt88-at-icloud.com.fsasafsasa";
				PRODUCT_NAME = UniversalSwiftUISidebar;
				SDKROOT = macosx;
				SWIFT_VERSION = 5.0;
			};
			name = Debug;
		};
		155BCBDC24AD083C0064AAD9 /* Release */ = {
			isa = XCBuildConfiguration;
			buildSettings = {
				ASSETCATALOG_COMPILER_APPICON_NAME = AppIcon;
				ASSETCATALOG_COMPILER_GLOBAL_ACCENT_COLOR_NAME = AccentColor;
				CODE_SIGN_ENTITLEMENTS = macOS/macOS.entitlements;
				CODE_SIGN_STYLE = Automatic;
				COMBINE_HIDPI_IMAGES = YES;
				DEVELOPMENT_TEAM = NLF7894S7W;
				ENABLE_HARDENED_RUNTIME = YES;
				ENABLE_PREVIEWS = YES;
				INFOPLIST_FILE = macOS/Info.plist;
				LD_RUNPATH_SEARCH_PATHS = (
					"$(inherited)",
					"@executable_path/../Frameworks",
				);
				MACOSX_DEPLOYMENT_TARGET = 10.16;
				PRODUCT_BUNDLE_IDENTIFIER = "VolkerSchmitt88-at-icloud.com.fsasafsasa";
				PRODUCT_NAME = UniversalSwiftUISidebar;
				SDKROOT = macosx;
				SWIFT_VERSION = 5.0;
			};
			name = Release;
		};
/* End XCBuildConfiguration section */

/* Begin XCConfigurationList section */
		155BCBBA24AD083B0064AAD9 /* Build configuration list for PBXProject "UniversalSwiftUISidebar" */ = {
			isa = XCConfigurationList;
			buildConfigurations = (
				155BCBD524AD083C0064AAD9 /* Debug */,
				155BCBD624AD083C0064AAD9 /* Release */,
			);
			defaultConfigurationIsVisible = 0;
			defaultConfigurationName = Release;
		};
		155BCBD724AD083C0064AAD9 /* Build configuration list for PBXNativeTarget "iOS" */ = {
			isa = XCConfigurationList;
			buildConfigurations = (
				155BCBD824AD083C0064AAD9 /* Debug */,
				155BCBD924AD083C0064AAD9 /* Release */,
			);
			defaultConfigurationIsVisible = 0;
			defaultConfigurationName = Release;
		};
		155BCBDA24AD083C0064AAD9 /* Build configuration list for PBXNativeTarget "macOS" */ = {
			isa = XCConfigurationList;
			buildConfigurations = (
				155BCBDB24AD083C0064AAD9 /* Debug */,
				155BCBDC24AD083C0064AAD9 /* Release */,
			);
			defaultConfigurationIsVisible = 0;
			defaultConfigurationName = Release;
		};
/* End XCConfigurationList section */
	};
	rootObject = 155BCBB724AD083B0064AAD9 /* Project object */;
}
